
Microsoft Visual Studio Solution File, Format Version 12.00
# Visual Studio Version 16
VisualStudioVersion = 16.0.30406.217
MinimumVisualStudioVersion = 10.0.40219.1
Project("{F184B08F-C81C-45F6-A57F-5ABD9991F28F}") = "NaverMusicApp", "NaverMusicApp\NaverMusicApp.vbproj", "{02748BAF-DDA6-4611-8E5D-7BAD85A15166}"
EndProject
Project("{2150E333-8FDC-42A3-9474-1A3956D46DE8}") = "Logica", "Logica", "{A8AF1A6A-BDA4-48A8-95D8-9AC6472FCFA9}"
EndProject
Project("{FAE04EC0-301F-11D3-BF4B-00C04F79EFBC}") = "LogicaNaverMusic", "LogicaNaverMusic\LogicaNaverMusic.csproj", "{B18AE9FD-EC2B-4831-BD83-73BBD66E365E}"
EndProject
Global
	GlobalSection(SolutionConfigurationPlatforms) = preSolution
		Debug|Any CPU = Debug|Any CPU
		Release|Any CPU = Release|Any CPU
	EndGlobalSection
	GlobalSection(ProjectConfigurationPlatforms) = postSolution
		{02748BAF-DDA6-4611-8E5D-7BAD85A15166}.Debug|Any CPU.ActiveCfg = Debug|Any CPU
		{02748BAF-DDA6-4611-8E5D-7BAD85A15166}.Debug|Any CPU.Build.0 = Debug|Any CPU
		{02748BAF-DDA6-4611-8E5D-7BAD85A15166}.Release|Any CPU.ActiveCfg = Release|Any CPU
		{02748BAF-DDA6-4611-8E5D-7BAD85A15166}.Release|Any CPU.Build.0 = Release|Any CPU
		{B18AE9FD-EC2B-4831-BD83-73BBD66E365E}.Debug|Any CPU.ActiveCfg = Debug|Any CPU
		{B18AE9FD-EC2B-4831-BD83-73BBD66E365E}.Debug|Any CPU.Build.0 = Debug|Any CPU
		{B18AE9FD-EC2B-4831-BD83-73BBD66E365E}.Release|Any CPU.ActiveCfg = Release|Any CPU
		{B18AE9FD-EC2B-4831-BD83-73BBD66E365E}.Release|Any CPU.Build.0 = Release|Any CPU
	EndGlobalSection
	GlobalSection(SolutionProperties) = preSolution
		HideSolutionNode = FALSE
	EndGlobalSection
	GlobalSection(NestedProjects) = preSolution
		{B18AE9FD-EC2B-4831-BD83-73BBD66E365E} = {A8AF1A6A-BDA4-48A8-95D8-9AC6472FCFA9}
	EndGlobalSection
	GlobalSection(ExtensibilityGlobals) = postSolution
		SolutionGuid = {39180B06-DD96-4FD4-B269-26B1E22286F5}
	EndGlobalSection
EndGlobal
