
Microsoft Visual Studio Solution File, Format Version 12.00
# Visual Studio Version 16
VisualStudioVersion = 16.0.30406.217
MinimumVisualStudioVersion = 10.0.40219.1
Project("{FAE04EC0-301F-11D3-BF4B-00C04F79EFBC}") = "NaverMusicWebApplication", "NaverMusicWebApplication\NaverMusicWebApplication.csproj", "{8BACD411-7F08-41FF-86BB-2BD90AE8617E}"
EndProject
Project("{2150E333-8FDC-42A3-9474-1A3956D46DE8}") = "Logica", "Logica", "{3633A54D-2377-4955-AA1C-3CB3EE7BA8D1}"
EndProject
Project("{FAE04EC0-301F-11D3-BF4B-00C04F79EFBC}") = "NaverMusicLogica", "NaverMusicLogica\NaverMusicLogica.csproj", "{87BE7EA1-E294-404D-AFEC-EA1115A3A519}"
EndProject
Global
	GlobalSection(SolutionConfigurationPlatforms) = preSolution
		Debug|Any CPU = Debug|Any CPU
		Release|Any CPU = Release|Any CPU
	EndGlobalSection
	GlobalSection(ProjectConfigurationPlatforms) = postSolution
		{8BACD411-7F08-41FF-86BB-2BD90AE8617E}.Debug|Any CPU.ActiveCfg = Debug|Any CPU
		{8BACD411-7F08-41FF-86BB-2BD90AE8617E}.Debug|Any CPU.Build.0 = Debug|Any CPU
		{8BACD411-7F08-41FF-86BB-2BD90AE8617E}.Release|Any CPU.ActiveCfg = Release|Any CPU
		{8BACD411-7F08-41FF-86BB-2BD90AE8617E}.Release|Any CPU.Build.0 = Release|Any CPU
		{87BE7EA1-E294-404D-AFEC-EA1115A3A519}.Debug|Any CPU.ActiveCfg = Debug|Any CPU
		{87BE7EA1-E294-404D-AFEC-EA1115A3A519}.Debug|Any CPU.Build.0 = Debug|Any CPU
		{87BE7EA1-E294-404D-AFEC-EA1115A3A519}.Release|Any CPU.ActiveCfg = Release|Any CPU
		{87BE7EA1-E294-404D-AFEC-EA1115A3A519}.Release|Any CPU.Build.0 = Release|Any CPU
	EndGlobalSection
	GlobalSection(SolutionProperties) = preSolution
		HideSolutionNode = FALSE
	EndGlobalSection
	GlobalSection(NestedProjects) = preSolution
		{87BE7EA1-E294-404D-AFEC-EA1115A3A519} = {3633A54D-2377-4955-AA1C-3CB3EE7BA8D1}
	EndGlobalSection
	GlobalSection(ExtensibilityGlobals) = postSolution
		SolutionGuid = {39180B06-DD96-4FD4-B269-26B1E22286F5}
	EndGlobalSection
EndGlobal
